// !$*UTF8*$!
{
	archiveVersion = 1;
	classes = {
	};
	objectVersion = 50;
	objects = {

/* Begin PBXBuildFile section */
		952A3D5D20E2C63600631797 /* AppDelegate.swift in Sources */ = {isa = PBXBuildFile; fileRef = 952A3D5C20E2C63600631797 /* AppDelegate.swift */; };
		952A3D6420E2C63900631797 /* Assets.xcassets in Resources */ = {isa = PBXBuildFile; fileRef = 952A3D6320E2C63900631797 /* Assets.xcassets */; };
		952A3D6720E2C63900631797 /* LaunchScreen.storyboard in Resources */ = {isa = PBXBuildFile; fileRef = 952A3D6520E2C63900631797 /* LaunchScreen.storyboard */; };
		952A3D6F20E2C6DD00631797 /* SearchrResultCell.swift in Sources */ = {isa = PBXBuildFile; fileRef = 952A3D6E20E2C6DD00631797 /* SearchrResultCell.swift */; };
		952A3D7120E2C6FB00631797 /* SearchViewController.swift in Sources */ = {isa = PBXBuildFile; fileRef = 952A3D7020E2C6FB00631797 /* SearchViewController.swift */; };
		952A3D7320E2C76F00631797 /* ReuseIdentifierProtocol.swift in Sources */ = {isa = PBXBuildFile; fileRef = 952A3D7220E2C76F00631797 /* ReuseIdentifierProtocol.swift */; };
		952A3D7820E2C9BA00631797 /* SearchPresenter.swift in Sources */ = {isa = PBXBuildFile; fileRef = 952A3D7720E2C9BA00631797 /* SearchPresenter.swift */; };
		952A3D7A20E2CA0100631797 /* SearchInteractor.swift in Sources */ = {isa = PBXBuildFile; fileRef = 952A3D7920E2CA0100631797 /* SearchInteractor.swift */; };
		952A3D7C20E2CA4500631797 /* SearchRouter.swift in Sources */ = {isa = PBXBuildFile; fileRef = 952A3D7B20E2CA4500631797 /* SearchRouter.swift */; };
		952A3D7E20E2CA7A00631797 /* SearchConfigurer.swift in Sources */ = {isa = PBXBuildFile; fileRef = 952A3D7D20E2CA7A00631797 /* SearchConfigurer.swift */; };
		952A3D8020E2E51600631797 /* HeaderWithSearchBarCell.swift in Sources */ = {isa = PBXBuildFile; fileRef = 952A3D7F20E2E51600631797 /* HeaderWithSearchBarCell.swift */; };
		952A3D8220E2F0DD00631797 /* Consts.swift in Sources */ = {isa = PBXBuildFile; fileRef = 952A3D8120E2F0DD00631797 /* Consts.swift */; };
		952A3D8420E2F1CD00631797 /* NSLayoutConstraint + ().swift in Sources */ = {isa = PBXBuildFile; fileRef = 952A3D8320E2F1CD00631797 /* NSLayoutConstraint + ().swift */; };
		952A3D8720E2FC3F00631797 /* DetailTableViewController.swift in Sources */ = {isa = PBXBuildFile; fileRef = 952A3D8620E2FC3F00631797 /* DetailTableViewController.swift */; };
		952A3D8920E2FC6300631797 /* DetailPresenter.swift in Sources */ = {isa = PBXBuildFile; fileRef = 952A3D8820E2FC6300631797 /* DetailPresenter.swift */; };
		952A3D8B20E2FC8700631797 /* DetailInteractor.swift in Sources */ = {isa = PBXBuildFile; fileRef = 952A3D8A20E2FC8700631797 /* DetailInteractor.swift */; };
		952A3D8D20E2FD4500631797 /* ProfileCell.swift in Sources */ = {isa = PBXBuildFile; fileRef = 952A3D8C20E2FD4500631797 /* ProfileCell.swift */; };
		952A3D8F20E2FD6600631797 /* SongCell.swift in Sources */ = {isa = PBXBuildFile; fileRef = 952A3D8E20E2FD6600631797 /* SongCell.swift */; };
		952A3D9220E375CD00631797 /* DetailConfigurer.swift in Sources */ = {isa = PBXBuildFile; fileRef = 952A3D9120E375CD00631797 /* DetailConfigurer.swift */; };
		952A3D9620E3786F00631797 /* APIManager.swift in Sources */ = {isa = PBXBuildFile; fileRef = 952A3D9520E3786F00631797 /* APIManager.swift */; };
		952A3D9A20E408BE00631797 /* Album.swift in Sources */ = {isa = PBXBuildFile; fileRef = 952A3D9920E408BE00631797 /* Album.swift */; };
		952A3D9C20E4090500631797 /* Track.swift in Sources */ = {isa = PBXBuildFile; fileRef = 952A3D9B20E4090500631797 /* Track.swift */; };
		952A3D9E20E42BEB00631797 /* UILabel + defaultInit.swift in Sources */ = {isa = PBXBuildFile; fileRef = 952A3D9D20E42BEB00631797 /* UILabel + defaultInit.swift */; };
/* End PBXBuildFile section */

/* Begin PBXFileReference section */
		952A3D5920E2C63600631797 /* iTunesAlbumSearcher.app */ = {isa = PBXFileReference; explicitFileType = wrapper.application; includeInIndex = 0; path = iTunesAlbumSearcher.app; sourceTree = BUILT_PRODUCTS_DIR; };
		952A3D5C20E2C63600631797 /* AppDelegate.swift */ = {isa = PBXFileReference; lastKnownFileType = sourcecode.swift; path = AppDelegate.swift; sourceTree = "<group>"; };
		952A3D6320E2C63900631797 /* Assets.xcassets */ = {isa = PBXFileReference; lastKnownFileType = folder.assetcatalog; path = Assets.xcassets; sourceTree = "<group>"; };
		952A3D6620E2C63900631797 /* Base */ = {isa = PBXFileReference; lastKnownFileType = file.storyboard; name = Base; path = Base.lproj/LaunchScreen.storyboard; sourceTree = "<group>"; };
		952A3D6820E2C63900631797 /* Info.plist */ = {isa = PBXFileReference; lastKnownFileType = text.plist.xml; path = Info.plist; sourceTree = "<group>"; };
		952A3D6E20E2C6DD00631797 /* SearchrResultCell.swift */ = {isa = PBXFileReference; lastKnownFileType = sourcecode.swift; path = SearchrResultCell.swift; sourceTree = "<group>"; };
		952A3D7020E2C6FB00631797 /* SearchViewController.swift */ = {isa = PBXFileReference; lastKnownFileType = sourcecode.swift; path = SearchViewController.swift; sourceTree = "<group>"; };
		952A3D7220E2C76F00631797 /* ReuseIdentifierProtocol.swift */ = {isa = PBXFileReference; lastKnownFileType = sourcecode.swift; path = ReuseIdentifierProtocol.swift; sourceTree = "<group>"; };
		952A3D7720E2C9BA00631797 /* SearchPresenter.swift */ = {isa = PBXFileReference; lastKnownFileType = sourcecode.swift; path = SearchPresenter.swift; sourceTree = "<group>"; };
		952A3D7920E2CA0100631797 /* SearchInteractor.swift */ = {isa = PBXFileReference; lastKnownFileType = sourcecode.swift; path = SearchInteractor.swift; sourceTree = "<group>"; };
		952A3D7B20E2CA4500631797 /* SearchRouter.swift */ = {isa = PBXFileReference; lastKnownFileType = sourcecode.swift; path = SearchRouter.swift; sourceTree = "<group>"; };
		952A3D7D20E2CA7A00631797 /* SearchConfigurer.swift */ = {isa = PBXFileReference; lastKnownFileType = sourcecode.swift; path = SearchConfigurer.swift; sourceTree = "<group>"; };
		952A3D7F20E2E51600631797 /* HeaderWithSearchBarCell.swift */ = {isa = PBXFileReference; lastKnownFileType = sourcecode.swift; path = HeaderWithSearchBarCell.swift; sourceTree = "<group>"; };
		952A3D8120E2F0DD00631797 /* Consts.swift */ = {isa = PBXFileReference; lastKnownFileType = sourcecode.swift; path = Consts.swift; sourceTree = "<group>"; };
		952A3D8320E2F1CD00631797 /* NSLayoutConstraint + ().swift */ = {isa = PBXFileReference; lastKnownFileType = sourcecode.swift; path = "NSLayoutConstraint + ().swift"; sourceTree = "<group>"; };
		952A3D8620E2FC3F00631797 /* DetailTableViewController.swift */ = {isa = PBXFileReference; lastKnownFileType = sourcecode.swift; path = DetailTableViewController.swift; sourceTree = "<group>"; };
		952A3D8820E2FC6300631797 /* DetailPresenter.swift */ = {isa = PBXFileReference; lastKnownFileType = sourcecode.swift; path = DetailPresenter.swift; sourceTree = "<group>"; };
		952A3D8A20E2FC8700631797 /* DetailInteractor.swift */ = {isa = PBXFileReference; lastKnownFileType = sourcecode.swift; path = DetailInteractor.swift; sourceTree = "<group>"; };
		952A3D8C20E2FD4500631797 /* ProfileCell.swift */ = {isa = PBXFileReference; lastKnownFileType = sourcecode.swift; path = ProfileCell.swift; sourceTree = "<group>"; };
		952A3D8E20E2FD6600631797 /* SongCell.swift */ = {isa = PBXFileReference; lastKnownFileType = sourcecode.swift; path = SongCell.swift; sourceTree = "<group>"; };
		952A3D9120E375CD00631797 /* DetailConfigurer.swift */ = {isa = PBXFileReference; lastKnownFileType = sourcecode.swift; path = DetailConfigurer.swift; sourceTree = "<group>"; };
		952A3D9520E3786F00631797 /* APIManager.swift */ = {isa = PBXFileReference; lastKnownFileType = sourcecode.swift; path = APIManager.swift; sourceTree = "<group>"; };
		952A3D9920E408BE00631797 /* Album.swift */ = {isa = PBXFileReference; lastKnownFileType = sourcecode.swift; path = Album.swift; sourceTree = "<group>"; };
		952A3D9B20E4090500631797 /* Track.swift */ = {isa = PBXFileReference; lastKnownFileType = sourcecode.swift; path = Track.swift; sourceTree = "<group>"; };
		952A3D9D20E42BEB00631797 /* UILabel + defaultInit.swift */ = {isa = PBXFileReference; lastKnownFileType = sourcecode.swift; path = "UILabel + defaultInit.swift"; sourceTree = "<group>"; };
/* End PBXFileReference section */

/* Begin PBXFrameworksBuildPhase section */
		952A3D5620E2C63600631797 /* Frameworks */ = {
			isa = PBXFrameworksBuildPhase;
			buildActionMask = 2147483647;
			files = (
			);
			runOnlyForDeploymentPostprocessing = 0;
		};
/* End PBXFrameworksBuildPhase section */

/* Begin PBXGroup section */
		952A3D5020E2C63600631797 = {
			isa = PBXGroup;
			children = (
				952A3D5B20E2C63600631797 /* iTunesAlbumSearcher */,
				952A3D5A20E2C63600631797 /* Products */,
			);
			sourceTree = "<group>";
		};
		952A3D5A20E2C63600631797 /* Products */ = {
			isa = PBXGroup;
			children = (
				952A3D5920E2C63600631797 /* iTunesAlbumSearcher.app */,
			);
			name = Products;
			sourceTree = "<group>";
		};
		952A3D5B20E2C63600631797 /* iTunesAlbumSearcher */ = {
			isa = PBXGroup;
			children = (
				952A3D9820E408B200631797 /* Models */,
				952A3D9720E3787300631797 /* Managers */,
				952A3D8520E2FC1C00631797 /* Detail */,
				952A3D7620E2C99300631797 /* Search */,
				952A3D7420E2C98200631797 /* Utils */,
				952A3D5C20E2C63600631797 /* AppDelegate.swift */,
				952A3D6320E2C63900631797 /* Assets.xcassets */,
				952A3D6520E2C63900631797 /* LaunchScreen.storyboard */,
				952A3D6820E2C63900631797 /* Info.plist */,
			);
			path = iTunesAlbumSearcher;
			sourceTree = "<group>";
		};
		952A3D7420E2C98200631797 /* Utils */ = {
			isa = PBXGroup;
			children = (
				952A3D7220E2C76F00631797 /* ReuseIdentifierProtocol.swift */,
				952A3D8120E2F0DD00631797 /* Consts.swift */,
				952A3D8320E2F1CD00631797 /* NSLayoutConstraint + ().swift */,
				952A3D9D20E42BEB00631797 /* UILabel + defaultInit.swift */,
			);
			path = Utils;
			sourceTree = "<group>";
		};
		952A3D7520E2C98C00631797 /* Cells */ = {
			isa = PBXGroup;
			children = (
				952A3D6E20E2C6DD00631797 /* SearchrResultCell.swift */,
				952A3D7F20E2E51600631797 /* HeaderWithSearchBarCell.swift */,
			);
			path = Cells;
			sourceTree = "<group>";
		};
		952A3D7620E2C99300631797 /* Search */ = {
			isa = PBXGroup;
			children = (
				952A3D7520E2C98C00631797 /* Cells */,
				952A3D7020E2C6FB00631797 /* SearchViewController.swift */,
				952A3D7720E2C9BA00631797 /* SearchPresenter.swift */,
				952A3D7920E2CA0100631797 /* SearchInteractor.swift */,
				952A3D7B20E2CA4500631797 /* SearchRouter.swift */,
				952A3D7D20E2CA7A00631797 /* SearchConfigurer.swift */,
			);
			path = Search;
			sourceTree = "<group>";
		};
		952A3D8520E2FC1C00631797 /* Detail */ = {
			isa = PBXGroup;
			children = (
				952A3D9020E2FD6D00631797 /* Cells */,
				952A3D8620E2FC3F00631797 /* DetailTableViewController.swift */,
				952A3D8820E2FC6300631797 /* DetailPresenter.swift */,
				952A3D8A20E2FC8700631797 /* DetailInteractor.swift */,
				952A3D9120E375CD00631797 /* DetailConfigurer.swift */,
			);
			path = Detail;
			sourceTree = "<group>";
		};
		952A3D9020E2FD6D00631797 /* Cells */ = {
			isa = PBXGroup;
			children = (
				952A3D8C20E2FD4500631797 /* ProfileCell.swift */,
				952A3D8E20E2FD6600631797 /* SongCell.swift */,
			);
			path = Cells;
			sourceTree = "<group>";
		};
		952A3D9720E3787300631797 /* Managers */ = {
			isa = PBXGroup;
			children = (
				952A3D9520E3786F00631797 /* APIManager.swift */,
			);
			path = Managers;
			sourceTree = "<group>";
		};
		952A3D9820E408B200631797 /* Models */ = {
			isa = PBXGroup;
			children = (
				952A3D9920E408BE00631797 /* Album.swift */,
				952A3D9B20E4090500631797 /* Track.swift */,
			);
			path = Models;
			sourceTree = "<group>";
		};
/* End PBXGroup section */

/* Begin PBXNativeTarget section */
		952A3D5820E2C63600631797 /* iTunesAlbumSearcher */ = {
			isa = PBXNativeTarget;
			buildConfigurationList = 952A3D6B20E2C63900631797 /* Build configuration list for PBXNativeTarget "iTunesAlbumSearcher" */;
			buildPhases = (
				952A3D5520E2C63600631797 /* Sources */,
				952A3D5620E2C63600631797 /* Frameworks */,
				952A3D5720E2C63600631797 /* Resources */,
			);
			buildRules = (
			);
			dependencies = (
			);
			name = iTunesAlbumSearcher;
			productName = iTunesAlbumSearcher;
			productReference = 952A3D5920E2C63600631797 /* iTunesAlbumSearcher.app */;
			productType = "com.apple.product-type.application";
		};
/* End PBXNativeTarget section */

/* Begin PBXProject section */
		952A3D5120E2C63600631797 /* Project object */ = {
			isa = PBXProject;
			attributes = {
				LastSwiftUpdateCheck = 0930;
				LastUpgradeCheck = 0930;
				ORGANIZATIONNAME = "Alex Odintsov";
				TargetAttributes = {
					952A3D5820E2C63600631797 = {
						CreatedOnToolsVersion = 9.3;
					};
				};
			};
			buildConfigurationList = 952A3D5420E2C63600631797 /* Build configuration list for PBXProject "iTunesAlbumSearcher" */;
			compatibilityVersion = "Xcode 9.3";
			developmentRegion = en;
			hasScannedForEncodings = 0;
			knownRegions = (
				en,
				Base,
			);
			mainGroup = 952A3D5020E2C63600631797;
			productRefGroup = 952A3D5A20E2C63600631797 /* Products */;
			projectDirPath = "";
			projectRoot = "";
			targets = (
				952A3D5820E2C63600631797 /* iTunesAlbumSearcher */,
			);
		};
/* End PBXProject section */

/* Begin PBXResourcesBuildPhase section */
		952A3D5720E2C63600631797 /* Resources */ = {
			isa = PBXResourcesBuildPhase;
			buildActionMask = 2147483647;
			files = (
				952A3D6720E2C63900631797 /* LaunchScreen.storyboard in Resources */,
				952A3D6420E2C63900631797 /* Assets.xcassets in Resources */,
			);
			runOnlyForDeploymentPostprocessing = 0;
		};
/* End PBXResourcesBuildPhase section */

/* Begin PBXSourcesBuildPhase section */
		952A3D5520E2C63600631797 /* Sources */ = {
			isa = PBXSourcesBuildPhase;
			buildActionMask = 2147483647;
			files = (
				952A3D8F20E2FD6600631797 /* SongCell.swift in Sources */,
				952A3D9E20E42BEB00631797 /* UILabel + defaultInit.swift in Sources */,
				952A3D8720E2FC3F00631797 /* DetailTableViewController.swift in Sources */,
				952A3D9A20E408BE00631797 /* Album.swift in Sources */,
				952A3D7A20E2CA0100631797 /* SearchInteractor.swift in Sources */,
				952A3D8420E2F1CD00631797 /* NSLayoutConstraint + ().swift in Sources */,
				952A3D8220E2F0DD00631797 /* Consts.swift in Sources */,
				952A3D7120E2C6FB00631797 /* SearchViewController.swift in Sources */,
				952A3D7320E2C76F00631797 /* ReuseIdentifierProtocol.swift in Sources */,
				952A3D9220E375CD00631797 /* DetailConfigurer.swift in Sources */,
				952A3D8020E2E51600631797 /* HeaderWithSearchBarCell.swift in Sources */,
				952A3D7E20E2CA7A00631797 /* SearchConfigurer.swift in Sources */,
				952A3D9C20E4090500631797 /* Track.swift in Sources */,
				952A3D7C20E2CA4500631797 /* SearchRouter.swift in Sources */,
				952A3D8D20E2FD4500631797 /* ProfileCell.swift in Sources */,
				952A3D9620E3786F00631797 /* APIManager.swift in Sources */,
				952A3D7820E2C9BA00631797 /* SearchPresenter.swift in Sources */,
				952A3D8920E2FC6300631797 /* DetailPresenter.swift in Sources */,
				952A3D8B20E2FC8700631797 /* DetailInteractor.swift in Sources */,
				952A3D5D20E2C63600631797 /* AppDelegate.swift in Sources */,
				952A3D6F20E2C6DD00631797 /* SearchrResultCell.swift in Sources */,
			);
			runOnlyForDeploymentPostprocessing = 0;
		};
/* End PBXSourcesBuildPhase section */

/* Begin PBXVariantGroup section */
		952A3D6520E2C63900631797 /* LaunchScreen.storyboard */ = {
			isa = PBXVariantGroup;
			children = (
				952A3D6620E2C63900631797 /* Base */,
			);
			name = LaunchScreen.storyboard;
			sourceTree = "<group>";
		};
/* End PBXVariantGroup section */

/* Begin XCBuildConfiguration section */
		952A3D6920E2C63900631797 /* Debug */ = {
			isa = XCBuildConfiguration;
			buildSettings = {
				ALWAYS_SEARCH_USER_PATHS = NO;
				CLANG_ANALYZER_NONNULL = YES;
				CLANG_ANALYZER_NUMBER_OBJECT_CONVERSION = YES_AGGRESSIVE;
				CLANG_CXX_LANGUAGE_STANDARD = "gnu++14";
				CLANG_CXX_LIBRARY = "libc++";
				CLANG_ENABLE_MODULES = YES;
				CLANG_ENABLE_OBJC_ARC = YES;
				CLANG_ENABLE_OBJC_WEAK = YES;
				CLANG_WARN_BLOCK_CAPTURE_AUTORELEASING = YES;
				CLANG_WARN_BOOL_CONVERSION = YES;
				CLANG_WARN_COMMA = YES;
				CLANG_WARN_CONSTANT_CONVERSION = YES;
				CLANG_WARN_DEPRECATED_OBJC_IMPLEMENTATIONS = YES;
				CLANG_WARN_DIRECT_OBJC_ISA_USAGE = YES_ERROR;
				CLANG_WARN_DOCUMENTATION_COMMENTS = YES;
				CLANG_WARN_EMPTY_BODY = YES;
				CLANG_WARN_ENUM_CONVERSION = YES;
				CLANG_WARN_INFINITE_RECURSION = YES;
				CLANG_WARN_INT_CONVERSION = YES;
				CLANG_WARN_NON_LITERAL_NULL_CONVERSION = YES;
				CLANG_WARN_OBJC_IMPLICIT_RETAIN_SELF = YES;
				CLANG_WARN_OBJC_LITERAL_CONVERSION = YES;
				CLANG_WARN_OBJC_ROOT_CLASS = YES_ERROR;
				CLANG_WARN_RANGE_LOOP_ANALYSIS = YES;
				CLANG_WARN_STRICT_PROTOTYPES = YES;
				CLANG_WARN_SUSPICIOUS_MOVE = YES;
				CLANG_WARN_UNGUARDED_AVAILABILITY = YES_AGGRESSIVE;
				CLANG_WARN_UNREACHABLE_CODE = YES;
				CLANG_WARN__DUPLICATE_METHOD_MATCH = YES;
				CODE_SIGN_IDENTITY = "iPhone Developer";
				COPY_PHASE_STRIP = NO;
				DEBUG_INFORMATION_FORMAT = dwarf;
				ENABLE_STRICT_OBJC_MSGSEND = YES;
				ENABLE_TESTABILITY = YES;
				GCC_C_LANGUAGE_STANDARD = gnu11;
				GCC_DYNAMIC_NO_PIC = NO;
				GCC_NO_COMMON_BLOCKS = YES;
				GCC_OPTIMIZATION_LEVEL = 0;
				GCC_PREPROCESSOR_DEFINITIONS = (
					"DEBUG=1",
					"$(inherited)",
				);
				GCC_WARN_64_TO_32_BIT_CONVERSION = YES;
				GCC_WARN_ABOUT_RETURN_TYPE = YES_ERROR;
				GCC_WARN_UNDECLARED_SELECTOR = YES;
				GCC_WARN_UNINITIALIZED_AUTOS = YES_AGGRESSIVE;
				GCC_WARN_UNUSED_FUNCTION = YES;
				GCC_WARN_UNUSED_VARIABLE = YES;
				IPHONEOS_DEPLOYMENT_TARGET = 11.3;
				MTL_ENABLE_DEBUG_INFO = YES;
				ONLY_ACTIVE_ARCH = YES;
				SDKROOT = iphoneos;
				SWIFT_ACTIVE_COMPILATION_CONDITIONS = DEBUG;
				SWIFT_OPTIMIZATION_LEVEL = "-Onone";
			};
			name = Debug;
		};
		952A3D6A20E2C63900631797 /* Release */ = {
			isa = XCBuildConfiguration;
			buildSettings = {
				ALWAYS_SEARCH_USER_PATHS = NO;
				CLANG_ANALYZER_NONNULL = YES;
				CLANG_ANALYZER_NUMBER_OBJECT_CONVERSION = YES_AGGRESSIVE;
				CLANG_CXX_LANGUAGE_STANDARD = "gnu++14";
				CLANG_CXX_LIBRARY = "libc++";
				CLANG_ENABLE_MODULES = YES;
				CLANG_ENABLE_OBJC_ARC = YES;
				CLANG_ENABLE_OBJC_WEAK = YES;
				CLANG_WARN_BLOCK_CAPTURE_AUTORELEASING = YES;
				CLANG_WARN_BOOL_CONVERSION = YES;
				CLANG_WARN_COMMA = YES;
				CLANG_WARN_CONSTANT_CONVERSION = YES;
				CLANG_WARN_DEPRECATED_OBJC_IMPLEMENTATIONS = YES;
				CLANG_WARN_DIRECT_OBJC_ISA_USAGE = YES_ERROR;
				CLANG_WARN_DOCUMENTATION_COMMENTS = YES;
				CLANG_WARN_EMPTY_BODY = YES;
				CLANG_WARN_ENUM_CONVERSION = YES;
				CLANG_WARN_INFINITE_RECURSION = YES;
				CLANG_WARN_INT_CONVERSION = YES;
				CLANG_WARN_NON_LITERAL_NULL_CONVERSION = YES;
				CLANG_WARN_OBJC_IMPLICIT_RETAIN_SELF = YES;
				CLANG_WARN_OBJC_LITERAL_CONVERSION = YES;
				CLANG_WARN_OBJC_ROOT_CLASS = YES_ERROR;
				CLANG_WARN_RANGE_LOOP_ANALYSIS = YES;
				CLANG_WARN_STRICT_PROTOTYPES = YES;
				CLANG_WARN_SUSPICIOUS_MOVE = YES;
				CLANG_WARN_UNGUARDED_AVAILABILITY = YES_AGGRESSIVE;
				CLANG_WARN_UNREACHABLE_CODE = YES;
				CLANG_WARN__DUPLICATE_METHOD_MATCH = YES;
				CODE_SIGN_IDENTITY = "iPhone Developer";
				COPY_PHASE_STRIP = NO;
				DEBUG_INFORMATION_FORMAT = "dwarf-with-dsym";
				ENABLE_NS_ASSERTIONS = NO;
				ENABLE_STRICT_OBJC_MSGSEND = YES;
				GCC_C_LANGUAGE_STANDARD = gnu11;
				GCC_NO_COMMON_BLOCKS = YES;
				GCC_WARN_64_TO_32_BIT_CONVERSION = YES;
				GCC_WARN_ABOUT_RETURN_TYPE = YES_ERROR;
				GCC_WARN_UNDECLARED_SELECTOR = YES;
				GCC_WARN_UNINITIALIZED_AUTOS = YES_AGGRESSIVE;
				GCC_WARN_UNUSED_FUNCTION = YES;
				GCC_WARN_UNUSED_VARIABLE = YES;
				IPHONEOS_DEPLOYMENT_TARGET = 11.3;
				MTL_ENABLE_DEBUG_INFO = NO;
				SDKROOT = iphoneos;
				SWIFT_COMPILATION_MODE = wholemodule;
				SWIFT_OPTIMIZATION_LEVEL = "-O";
				VALIDATE_PRODUCT = YES;
			};
			name = Release;
		};
		952A3D6C20E2C63900631797 /* Debug */ = {
			isa = XCBuildConfiguration;
			buildSettings = {
				ASSETCATALOG_COMPILER_APPICON_NAME = AppIcon;
				CODE_SIGN_STYLE = Automatic;
				DEVELOPMENT_TEAM = M48S3Y65RF;
				INFOPLIST_FILE = iTunesAlbumSearcher/Info.plist;
				IPHONEOS_DEPLOYMENT_TARGET = 10.0;
				LD_RUNPATH_SEARCH_PATHS = (
					"$(inherited)",
					"@executable_path/Frameworks",
				);
				PRODUCT_BUNDLE_IDENTIFIER = com.mywork.iTunesAlbumSearcher;
				PRODUCT_NAME = "$(TARGET_NAME)";
				SWIFT_VERSION = 4.0;
				TARGETED_DEVICE_FAMILY = 1;
			};
			name = Debug;
		};
		952A3D6D20E2C63900631797 /* Release */ = {
			isa = XCBuildConfiguration;
			buildSettings = {
				ASSETCATALOG_COMPILER_APPICON_NAME = AppIcon;
				CODE_SIGN_STYLE = Automatic;
				DEVELOPMENT_TEAM = M48S3Y65RF;
				INFOPLIST_FILE = iTunesAlbumSearcher/Info.plist;
				IPHONEOS_DEPLOYMENT_TARGET = 10.0;
				LD_RUNPATH_SEARCH_PATHS = (
					"$(inherited)",
					"@executable_path/Frameworks",
				);
				PRODUCT_BUNDLE_IDENTIFIER = com.mywork.iTunesAlbumSearcher;
				PRODUCT_NAME = "$(TARGET_NAME)";
				SWIFT_VERSION = 4.0;
				TARGETED_DEVICE_FAMILY = 1;
			};
			name = Release;
		};
/* End XCBuildConfiguration section */

/* Begin XCConfigurationList section */
		952A3D5420E2C63600631797 /* Build configuration list for PBXProject "iTunesAlbumSearcher" */ = {
			isa = XCConfigurationList;
			buildConfigurations = (
				952A3D6920E2C63900631797 /* Debug */,
				952A3D6A20E2C63900631797 /* Release */,
			);
			defaultConfigurationIsVisible = 0;
			defaultConfigurationName = Release;
		};
		952A3D6B20E2C63900631797 /* Build configuration list for PBXNativeTarget "iTunesAlbumSearcher" */ = {
			isa = XCConfigurationList;
			buildConfigurations = (
				952A3D6C20E2C63900631797 /* Debug */,
				952A3D6D20E2C63900631797 /* Release */,
			);
			defaultConfigurationIsVisible = 0;
			defaultConfigurationName = Release;
		};
/* End XCConfigurationList section */
	};
	rootObject = 952A3D5120E2C63600631797 /* Project object */;
}
